
Microsoft Visual Studio Solution File, Format Version 11.00
# Visual Studio 2010
Project("{FAE04EC0-301F-11D3-BF4B-00C04F79EFBC}") = "Assembly-CSharp-Editor", "Assembly-CSharp-Editor.csproj", "{584c50a5-f31b-5804-53c6-1f9b6df3970f}"
EndProject
Project("{FAE04EC0-301F-11D3-BF4B-00C04F79EFBC}") = "Assembly-CSharp", "Assembly-CSharp.csproj", "{c63cbd67-8be1-0f39-6f7f-d6c827e47aa7}"
EndProject
Global
	GlobalSection(SolutionConfigurationPlatforms) = preSolution
		Debug|Any CPU = Debug|Any CPU
	EndGlobalSection
	GlobalSection(ProjectConfigurationPlatforms) = postSolution
		{584c50a5-f31b-5804-53c6-1f9b6df3970f}.Debug|Any CPU.ActiveCfg = Debug|Any CPU
		{584c50a5-f31b-5804-53c6-1f9b6df3970f}.Debug|Any CPU.Build.0 = Debug|Any CPU
		{c63cbd67-8be1-0f39-6f7f-d6c827e47aa7}.Debug|Any CPU.ActiveCfg = Debug|Any CPU
		{c63cbd67-8be1-0f39-6f7f-d6c827e47aa7}.Debug|Any CPU.Build.0 = Debug|Any CPU
	EndGlobalSection
	GlobalSection(SolutionProperties) = preSolution
		HideSolutionNode = FALSE
	EndGlobalSection
EndGlobal
